
Microsoft Visual Studio Solution File, Format Version 12.00
# Visual Studio Version 16
VisualStudioVersion = 16.0.31911.196
MinimumVisualStudioVersion = 10.0.40219.1
Project("{8BC9CEB8-8B4A-11D0-8D11-00A0C91BC942}") = "XMLTest", "XMLTest.vcxproj", "{997A3912-65ED-49D3-BB7B-2F045172813E}"
EndProject
Global
	GlobalSection(SolutionConfigurationPlatforms) = preSolution
		Debug|x64 = Debug|x64
		Debug|x86 = Debug|x86
		Release|x64 = Release|x64
		Release|x86 = Release|x86
	EndGlobalSection
	GlobalSection(ProjectConfigurationPlatforms) = postSolution
		{997A3912-65ED-49D3-BB7B-2F045172813E}.Debug|x64.ActiveCfg = Debug|x64
		{997A3912-65ED-49D3-BB7B-2F045172813E}.Debug|x64.Build.0 = Debug|x64
		{997A3912-65ED-49D3-BB7B-2F045172813E}.Debug|x86.ActiveCfg = Debug|Win32
		{997A3912-65ED-49D3-BB7B-2F045172813E}.Debug|x86.Build.0 = Debug|Win32
		{997A3912-65ED-49D3-BB7B-2F045172813E}.Release|x64.ActiveCfg = Release|x64
		{997A3912-65ED-49D3-BB7B-2F045172813E}.Release|x64.Build.0 = Release|x64
		{997A3912-65ED-49D3-BB7B-2F045172813E}.Release|x86.ActiveCfg = Release|Win32
		{997A3912-65ED-49D3-BB7B-2F045172813E}.Release|x86.Build.0 = Release|Win32
	EndGlobalSection
	GlobalSection(SolutionProperties) = preSolution
		HideSolutionNode = FALSE
	EndGlobalSection
	GlobalSection(ExtensibilityGlobals) = postSolution
		SolutionGuid = {A363E800-0F49-423A-9D6B-2185E0A28C53}
	EndGlobalSection
EndGlobal
