
Microsoft Visual Studio Solution File, Format Version 12.00
# Visual Studio Version 17
VisualStudioVersion = 17.0.31903.59
MinimumVisualStudioVersion = 10.0.40219.1
Project("{8BC9CEB8-8B4A-11D0-8D11-00A0C91BC942}") = "MyDLL", "MyDLL\MyDLL.vcxproj", "{6FDF7C1D-98F5-42A4-B457-0D6BECACA491}"
EndProject
Global
	GlobalSection(SolutionConfigurationPlatforms) = preSolution
		Debug|x64 = Debug|x64
		Debug|x86 = Debug|x86
		Release|x64 = Release|x64
		Release|x86 = Release|x86
	EndGlobalSection
	GlobalSection(ProjectConfigurationPlatforms) = postSolution
		{6FDF7C1D-98F5-42A4-B457-0D6BECACA491}.Debug|x64.ActiveCfg = Debug|x64
		{6FDF7C1D-98F5-42A4-B457-0D6BECACA491}.Debug|x64.Build.0 = Debug|x64
		{6FDF7C1D-98F5-42A4-B457-0D6BECACA491}.Debug|x86.ActiveCfg = Debug|Win32
		{6FDF7C1D-98F5-42A4-B457-0D6BECACA491}.Debug|x86.Build.0 = Debug|Win32
		{6FDF7C1D-98F5-42A4-B457-0D6BECACA491}.Release|x64.ActiveCfg = Release|x64
		{6FDF7C1D-98F5-42A4-B457-0D6BECACA491}.Release|x64.Build.0 = Release|x64
		{6FDF7C1D-98F5-42A4-B457-0D6BECACA491}.Release|x86.ActiveCfg = Release|Win32
		{6FDF7C1D-98F5-42A4-B457-0D6BECACA491}.Release|x86.Build.0 = Release|Win32
	EndGlobalSection
	GlobalSection(SolutionProperties) = preSolution
		HideSolutionNode = FALSE
	EndGlobalSection
	GlobalSection(ExtensibilityGlobals) = postSolution
		SolutionGuid = {593F32A9-7CC1-4E6F-9D68-A4F67117BAE4}
	EndGlobalSection
EndGlobal
